
Microsoft Visual Studio Solution File, Format Version 12.00
# Visual Studio Version 16
VisualStudioVersion = 16.0.30320.27
MinimumVisualStudioVersion = 10.0.40219.1
Project("{FAE04EC0-301F-11D3-BF4B-00C04F79EFBC}") = "HashesApp", "HashesApp\HashesApp.csproj", "{82D8702C-38A9-4E0F-AEF5-9AA02D40BC7E}"
EndProject
Global
	GlobalSection(SolutionConfigurationPlatforms) = preSolution
		Debug|Any CPU = Debug|Any CPU
		Release|Any CPU = Release|Any CPU
	EndGlobalSection
	GlobalSection(ProjectConfigurationPlatforms) = postSolution
		{82D8702C-38A9-4E0F-AEF5-9AA02D40BC7E}.Debug|Any CPU.ActiveCfg = Debug|Any CPU
		{82D8702C-38A9-4E0F-AEF5-9AA02D40BC7E}.Debug|Any CPU.Build.0 = Debug|Any CPU
		{82D8702C-38A9-4E0F-AEF5-9AA02D40BC7E}.Release|Any CPU.ActiveCfg = Release|Any CPU
		{82D8702C-38A9-4E0F-AEF5-9AA02D40BC7E}.Release|Any CPU.Build.0 = Release|Any CPU
	EndGlobalSection
	GlobalSection(SolutionProperties) = preSolution
		HideSolutionNode = FALSE
	EndGlobalSection
	GlobalSection(ExtensibilityGlobals) = postSolution
		SolutionGuid = {6A48AB9C-17CE-499C-AE30-B50C0C45318F}
	EndGlobalSection
EndGlobal
